
Microsoft Visual Studio Solution File, Format Version 12.00
# Visual Studio Version 17
VisualStudioVersion = 17.7.34031.279
MinimumVisualStudioVersion = 10.0.40219.1
Project("{8BC9CEB8-8B4A-11D0-8D11-00A0C91BC942}") = "Spotify Downloader", "Spotify Downloader\Spotify Downloader.vcxproj", "{D8E18458-F8F2-44E0-87C7-258C5C452470}"
EndProject
Global
	GlobalSection(SolutionConfigurationPlatforms) = preSolution
		Debug|x64 = Debug|x64
		Release|x64 = Release|x64
	EndGlobalSection
	GlobalSection(ProjectConfigurationPlatforms) = postSolution
		{D8E18458-F8F2-44E0-87C7-258C5C452470}.Debug|x64.ActiveCfg = Debug|x64
		{D8E18458-F8F2-44E0-87C7-258C5C452470}.Debug|x64.Build.0 = Debug|x64
		{D8E18458-F8F2-44E0-87C7-258C5C452470}.Release|x64.ActiveCfg = Release|x64
		{D8E18458-F8F2-44E0-87C7-258C5C452470}.Release|x64.Build.0 = Release|x64
	EndGlobalSection
	GlobalSection(SolutionProperties) = preSolution
		HideSolutionNode = FALSE
	EndGlobalSection
	GlobalSection(ExtensibilityGlobals) = postSolution
		SolutionGuid = {18C1AB03-28AE-4459-B226-2071850DF566}
	EndGlobalSection
EndGlobal
