<?xml version="1.0" encoding="utf-8"?>
<Project ToolsVersion="4.0" xmlns="http://schemas.microsoft.com/developer/msbuild/2003">
  <ItemGroup>
    <Filter Include="Source Files">
      <UniqueIdentifier>{4FC737F1-C7A5-4376-A066-2A32D752A2FF}</UniqueIdentifier>
      <Extensions>qml;cpp;c;cc;cxx;def;odl;idl;hpj;bat;asm;asmx</Extensions>
    </Filter>
    <Filter Include="Header Files">
      <UniqueIdentifier>{93995380-89BD-4b04-88EB-625FBE52EBFB}</UniqueIdentifier>
      <Extensions>h;hh;hpp;hxx;hm;inl;inc;xsd</Extensions>
    </Filter>
    <Filter Include="Resource Files">
      <UniqueIdentifier>{67DA6AB6-F800-4c08-8B7A-83BB121AAD01}</UniqueIdentifier>
      <Extensions>qrc;rc;ico;cur;bmp;dlg;rc2;rct;bin;rgs;gif;jpg;jpeg;jpe;resx;tiff;tif;png;wav;mfcribbon-ms</Extensions>
    </Filter>
    <Filter Include="Form Files">
      <UniqueIdentifier>{99349809-55BA-4b9d-BF79-8FDBB0286EB3}</UniqueIdentifier>
      <Extensions>ui</Extensions>
    </Filter>
    <Filter Include="Translation Files">
      <UniqueIdentifier>{639EADAA-A684-42e4-A9AD-28FC9BCB8F7C}</UniqueIdentifier>
      <Extensions>ts</Extensions>
    </Filter>
    <Filter Include="Source Files\Downloading">
      <UniqueIdentifier>{91d2e85c-4a46-4ec5-afa8-3c9e43fc21fa}</UniqueIdentifier>
    </Filter>
    <Filter Include="Header Files\Downloading">
      <UniqueIdentifier>{b1860c65-d5c6-4341-b3b0-a4688a1969f6}</UniqueIdentifier>
    </Filter>
    <Filter Include="Header Files\Network">
      <UniqueIdentifier>{81c2d6eb-d163-41c2-8271-24c339b9bff7}</UniqueIdentifier>
    </Filter>
    <Filter Include="Source Files\Network">
      <UniqueIdentifier>{b64b2988-ec23-4c28-a012-680a22980eae}</UniqueIdentifier>
    </Filter>
    <Filter Include="Header Files\UI">
      <UniqueIdentifier>{e9278df5-1509-4b12-889f-40d75dc0fce0}</UniqueIdentifier>
    </Filter>
    <Filter Include="Source Files\UI">
      <UniqueIdentifier>{1b117a79-6fd0-4d69-b1de-4d09702dbcbb}</UniqueIdentifier>
    </Filter>
    <Filter Include="Header Files\Utilities">
      <UniqueIdentifier>{92e44726-5857-44c5-88b9-c2a89cd7800e}</UniqueIdentifier>
    </Filter>
    <Filter Include="Source Files\Utilities">
      <UniqueIdentifier>{4ea94376-fbf0-4de2-88c2-af59a3a62fe7}</UniqueIdentifier>
    </Filter>
    <Filter Include="Header Files\UI\CustomWidgets">
      <UniqueIdentifier>{1f98ddf2-5a2d-4a31-9637-9107c386dee7}</UniqueIdentifier>
    </Filter>
    <Filter Include="Source Files\UI\CustomWidgets">
      <UniqueIdentifier>{41aafc13-aa39-47a5-a8d3-fee752e0812c}</UniqueIdentifier>
    </Filter>
  </ItemGroup>
  <ItemGroup>
    <ClCompile Include="Downloading\PlaylistDownloader.cpp">
      <Filter>Source Files\Downloading</Filter>
    </ClCompile>
    <ClCompile Include="Downloading\Song.cpp">
      <Filter>Source Files\Downloading</Filter>
    </ClCompile>
    <ClCompile Include="Downloading\SongDownloader.cpp">
      <Filter>Source Files\Downloading</Filter>
    </ClCompile>
    <ClCompile Include="Downloading\SpotifyDownloader.cpp">
      <Filter>Source Files\Downloading</Filter>
    </ClCompile>
    <ClCompile Include="Network\Network.cpp">
      <Filter>Source Files\Network</Filter>
    </ClCompile>
    <ClCompile Include="Network\SpotifyAPI.cpp">
      <Filter>Source Files\Network</Filter>
    </ClCompile>
    <ClCompile Include="Network\YTMusicAPI.cpp">
      <Filter>Source Files\Network</Filter>
    </ClCompile>
    <ClCompile Include="UI\UISetup.cpp">
      <Filter>Source Files\UI</Filter>
    </ClCompile>
    <ClCompile Include="UI\UIUtilities.cpp">
      <Filter>Source Files\UI</Filter>
    </ClCompile>
    <ClCompile Include="Utilities\StringUtils.cpp">
      <Filter>Source Files\Utilities</Filter>
    </ClCompile>
    <ClCompile Include="Utilities\Animation.cpp">
      <Filter>Source Files\Utilities</Filter>
    </ClCompile>
    <ClCompile Include="Utilities\ImageUtils.cpp">
      <Filter>Source Files\Utilities</Filter>
    </ClCompile>
    <ClCompile Include="Utilities\JSONUtils.cpp">
      <Filter>Source Files\Utilities</Filter>
    </ClCompile>
    <ClCompile Include="Utilities\Logger.cpp">
      <Filter>Source Files\Utilities</Filter>
    </ClCompile>
    <ClCompile Include="Utilities\MathUtils.cpp">
      <Filter>Source Files\Utilities</Filter>
    </ClCompile>
    <ClCompile Include="Utilities\ObjectHoverWatcher.cpp">
      <Filter>Source Files\Utilities</Filter>
    </ClCompile>
    <ClCompile Include="Application.cpp">
      <Filter>Source Files</Filter>
    </ClCompile>
    <ClCompile Include="main.cpp">
      <Filter>Source Files</Filter>
    </ClCompile>
    <ClCompile Include="UI\CustomWidgets\CheckBox.cpp">
      <Filter>Source Files\UI\CustomWidgets</Filter>
    </ClCompile>
    <ClCompile Include="UI\CustomWidgets\DownloaderThread.cpp">
      <Filter>Source Files\UI\CustomWidgets</Filter>
    </ClCompile>
    <ClCompile Include="UI\CustomWidgets\SongErrorItem.cpp">
      <Filter>Source Files\UI\CustomWidgets</Filter>
    </ClCompile>
    <ClCompile Include="Config.cpp">
      <Filter>Source Files</Filter>
    </ClCompile>
  </ItemGroup>
  <ItemGroup>
    <ClInclude Include="Downloading\Song.h">
      <Filter>Header Files\Downloading</Filter>
    </ClInclude>
    <ClInclude Include="Network\Network.h">
      <Filter>Header Files\Network</Filter>
    </ClInclude>
    <ClInclude Include="Network\SpotifyAPI.h">
      <Filter>Header Files\Network</Filter>
    </ClInclude>
    <ClInclude Include="Network\YTMusicAPI.h">
      <Filter>Header Files\Network</Filter>
    </ClInclude>
    <ClInclude Include="Utilities\Animation.h">
      <Filter>Header Files\Utilities</Filter>
    </ClInclude>
    <ClInclude Include="Utilities\ImageUtils.h">
      <Filter>Header Files\Utilities</Filter>
    </ClInclude>
    <ClInclude Include="Utilities\JSONUtils.h">
      <Filter>Header Files\Utilities</Filter>
    </ClInclude>
    <ClInclude Include="Utilities\Logger.h">
      <Filter>Header Files\Utilities</Filter>
    </ClInclude>
    <ClInclude Include="Utilities\MathUtils.h">
      <Filter>Header Files\Utilities</Filter>
    </ClInclude>
    <ClInclude Include="Utilities\StringUtils.h">
      <Filter>Header Files\Utilities</Filter>
    </ClInclude>
    <ClInclude Include="Config.h">
      <Filter>Header Files</Filter>
    </ClInclude>
    <ClInclude Include="Downloading\Codec.h">
      <Filter>Header Files\Downloading</Filter>
    </ClInclude>
  </ItemGroup>
  <ItemGroup>
    <QtMoc Include="Downloading\SpotifyDownloader.h">
      <Filter>Header Files\Downloading</Filter>
    </QtMoc>
    <QtMoc Include="Utilities\ObjectHoverWatcher.h">
      <Filter>Header Files\Utilities</Filter>
    </QtMoc>
    <QtMoc Include="Application.h">
      <Filter>Header Files</Filter>
    </QtMoc>
    <QtMoc Include="UI\CustomWidgets\CheckBox.h">
      <Filter>Header Files\UI\CustomWidgets</Filter>
    </QtMoc>
    <QtMoc Include="UI\CustomWidgets\DownloaderThread.h">
      <Filter>Header Files\UI\CustomWidgets</Filter>
    </QtMoc>
    <QtMoc Include="UI\CustomWidgets\SongErrorItem.h">
      <Filter>Header Files\UI\CustomWidgets</Filter>
    </QtMoc>
  </ItemGroup>
  <ItemGroup>
    <QtRcc Include="SpotifyDownloader.qrc">
      <Filter>Resource Files</Filter>
    </QtRcc>
  </ItemGroup>
  <ItemGroup>
    <ResourceCompile Include="SpotifyDownloader.rc">
      <Filter>Resource Files</Filter>
    </ResourceCompile>
  </ItemGroup>
  <ItemGroup>
    <QtUic Include="SpotifyDownloader.ui">
      <Filter>Form Files</Filter>
    </QtUic>
  </ItemGroup>
</Project>